
Microsoft Visual Studio Solution File, Format Version 12.00
# Visual Studio 14
VisualStudioVersion = 14.0.25420.1
MinimumVisualStudioVersion = 10.0.40219.1
Project("{FAE04EC0-301F-11D3-BF4B-00C04F79EFBC}") = "PATSWebV2", "PATSWebV2\PATSWebV2.csproj", "{C523B763-DE44-411E-A507-4FE82CCCF788}"
	ProjectSection(ProjectDependencies) = postProject
		{06342A47-D7AA-4083-8589-E944B42032D5} = {06342A47-D7AA-4083-8589-E944B42032D5}
	EndProjectSection
EndProject
Project("{FAE04EC0-301F-11D3-BF4B-00C04F79EFBC}") = "IdentityManagement", "IdentityManagement\IdentityManagement.csproj", "{EABED8CC-9B6F-4BEB-8F14-645A9228BD0E}"
EndProject
Project("{FAE04EC0-301F-11D3-BF4B-00C04F79EFBC}") = "PatsReportLibrary", "PatsReportLibrary\PatsReportLibrary.csproj", "{06342A47-D7AA-4083-8589-E944B42032D5}"
EndProject
Global
	GlobalSection(SolutionConfigurationPlatforms) = preSolution
		Debug|Any CPU = Debug|Any CPU
		Release|Any CPU = Release|Any CPU
	EndGlobalSection
	GlobalSection(ProjectConfigurationPlatforms) = postSolution
		{C523B763-DE44-411E-A507-4FE82CCCF788}.Debug|Any CPU.ActiveCfg = Debug|Any CPU
		{C523B763-DE44-411E-A507-4FE82CCCF788}.Debug|Any CPU.Build.0 = Debug|Any CPU
		{C523B763-DE44-411E-A507-4FE82CCCF788}.Release|Any CPU.ActiveCfg = Release|Any CPU
		{C523B763-DE44-411E-A507-4FE82CCCF788}.Release|Any CPU.Build.0 = Release|Any CPU
		{EABED8CC-9B6F-4BEB-8F14-645A9228BD0E}.Debug|Any CPU.ActiveCfg = Debug|Any CPU
		{EABED8CC-9B6F-4BEB-8F14-645A9228BD0E}.Debug|Any CPU.Build.0 = Debug|Any CPU
		{EABED8CC-9B6F-4BEB-8F14-645A9228BD0E}.Release|Any CPU.ActiveCfg = Release|Any CPU
		{EABED8CC-9B6F-4BEB-8F14-645A9228BD0E}.Release|Any CPU.Build.0 = Release|Any CPU
		{06342A47-D7AA-4083-8589-E944B42032D5}.Debug|Any CPU.ActiveCfg = Debug|Any CPU
		{06342A47-D7AA-4083-8589-E944B42032D5}.Debug|Any CPU.Build.0 = Debug|Any CPU
		{06342A47-D7AA-4083-8589-E944B42032D5}.Release|Any CPU.ActiveCfg = Release|Any CPU
		{06342A47-D7AA-4083-8589-E944B42032D5}.Release|Any CPU.Build.0 = Release|Any CPU
	EndGlobalSection
	GlobalSection(SolutionProperties) = preSolution
		HideSolutionNode = FALSE
	EndGlobalSection
EndGlobal
